
Microsoft Visual Studio Solution File, Format Version 12.00
# Visual Studio Version 17
VisualStudioVersion = 17.12.35521.163 d17.12
MinimumVisualStudioVersion = 10.0.40219.1
Project("{FAE04EC0-301F-11D3-BF4B-00C04F79EFBC}") = "StringsApp", "StringsApp\StringsApp.csproj", "{8E7A527C-8B6C-45A3-8513-CB21EB13BE4B}"
EndProject
Project("{FAE04EC0-301F-11D3-BF4B-00C04F79EFBC}") = "StringsApp.Desktop", "StringsApp.Desktop\StringsApp.Desktop.csproj", "{9F50DC39-8552-4B8B-98A9-E6AF0BC9775B}"
EndProject
Global
	GlobalSection(SolutionConfigurationPlatforms) = preSolution
		Debug|Any CPU = Debug|Any CPU
		Release|Any CPU = Release|Any CPU
	EndGlobalSection
	GlobalSection(ProjectConfigurationPlatforms) = postSolution
		{8E7A527C-8B6C-45A3-8513-CB21EB13BE4B}.Debug|Any CPU.ActiveCfg = Debug|Any CPU
		{8E7A527C-8B6C-45A3-8513-CB21EB13BE4B}.Debug|Any CPU.Build.0 = Debug|Any CPU
		{8E7A527C-8B6C-45A3-8513-CB21EB13BE4B}.Release|Any CPU.ActiveCfg = Release|Any CPU
		{8E7A527C-8B6C-45A3-8513-CB21EB13BE4B}.Release|Any CPU.Build.0 = Release|Any CPU
		{9F50DC39-8552-4B8B-98A9-E6AF0BC9775B}.Debug|Any CPU.ActiveCfg = Debug|Any CPU
		{9F50DC39-8552-4B8B-98A9-E6AF0BC9775B}.Debug|Any CPU.Build.0 = Debug|Any CPU
		{9F50DC39-8552-4B8B-98A9-E6AF0BC9775B}.Release|Any CPU.ActiveCfg = Release|Any CPU
		{9F50DC39-8552-4B8B-98A9-E6AF0BC9775B}.Release|Any CPU.Build.0 = Release|Any CPU
	EndGlobalSection
	GlobalSection(SolutionProperties) = preSolution
		HideSolutionNode = FALSE
	EndGlobalSection
EndGlobal
